
Microsoft Visual Studio Solution File, Format Version 12.00
# Visual Studio Version 16
VisualStudioVersion = 16.0.31112.23
MinimumVisualStudioVersion = 10.0.40219.1
Project("{FAE04EC0-301F-11D3-BF4B-00C04F79EFBC}") = "FacadePattern", "FacadePattern\FacadePattern.csproj", "{18AB94C7-303C-46D8-9352-B2F58881B713}"
EndProject
Global
	GlobalSection(SolutionConfigurationPlatforms) = preSolution
		Debug|Any CPU = Debug|Any CPU
		Release|Any CPU = Release|Any CPU
	EndGlobalSection
	GlobalSection(ProjectConfigurationPlatforms) = postSolution
		{18AB94C7-303C-46D8-9352-B2F58881B713}.Debug|Any CPU.ActiveCfg = Debug|Any CPU
		{18AB94C7-303C-46D8-9352-B2F58881B713}.Debug|Any CPU.Build.0 = Debug|Any CPU
		{18AB94C7-303C-46D8-9352-B2F58881B713}.Release|Any CPU.ActiveCfg = Release|Any CPU
		{18AB94C7-303C-46D8-9352-B2F58881B713}.Release|Any CPU.Build.0 = Release|Any CPU
	EndGlobalSection
	GlobalSection(SolutionProperties) = preSolution
		HideSolutionNode = FALSE
	EndGlobalSection
	GlobalSection(ExtensibilityGlobals) = postSolution
		SolutionGuid = {9C6CA0C3-CDF4-412A-81B5-7ED1018EBC3E}
	EndGlobalSection
EndGlobal
